{
  "name": "sequential",
  "version": "1.0.0",
  "lockfileVersion": 3,
  "requires": true,
  "packages": {
    "": {
      "name": "sequential",
      "version": "1.0.0",
      "dependencies": {
        "sequential-fetch": "^1.0.0"
      },
      "engines": {
        "node": ">=18.0.0"
      }
    },
    "node_modules/sequential-fetch": {
      "version": "1.0.0",
      "resolved": "https://registry.npmjs.org/sequential-fetch/-/sequential-fetch-1.0.0.tgz",
      "integrity": "sha512-5wmilCmXQU3FjBWXBVEIJgPAcXggowW1wy91v74GHfWskg5wav+fCSOhUxDkBx0+jR4/jE8B5gEeOFCCVGs2oA==",
      "license": "MIT",
      "engines": {
        "node": ">=18.0.0"
      }
    }
  }
}
